
Microsoft Visual Studio Solution File, Format Version 12.00
# Visual Studio Version 17
VisualStudioVersion = 17.14.36221.1 d17.14
MinimumVisualStudioVersion = 10.0.40219.1
Project("{FAE04EC0-301F-11D3-BF4B-00C04F79EFBC}") = "Final_WebApi_Consumer_Using_Ajax&Jquery", "Final_WebApi_Consumer_Using_Ajax&Jquery\Final_WebApi_Consumer_Using_Ajax&Jquery.csproj", "{EAF27F62-69A1-4565-BB0F-E04E836D58D8}"
EndProject
Global
	GlobalSection(SolutionConfigurationPlatforms) = preSolution
		Debug|Any CPU = Debug|Any CPU
		Release|Any CPU = Release|Any CPU
	EndGlobalSection
	GlobalSection(ProjectConfigurationPlatforms) = postSolution
		{EAF27F62-69A1-4565-BB0F-E04E836D58D8}.Debug|Any CPU.ActiveCfg = Debug|Any CPU
		{EAF27F62-69A1-4565-BB0F-E04E836D58D8}.Debug|Any CPU.Build.0 = Debug|Any CPU
		{EAF27F62-69A1-4565-BB0F-E04E836D58D8}.Release|Any CPU.ActiveCfg = Release|Any CPU
		{EAF27F62-69A1-4565-BB0F-E04E836D58D8}.Release|Any CPU.Build.0 = Release|Any CPU
	EndGlobalSection
	GlobalSection(SolutionProperties) = preSolution
		HideSolutionNode = FALSE
	EndGlobalSection
	GlobalSection(ExtensibilityGlobals) = postSolution
		SolutionGuid = {F2B2AFB0-CD26-42B1-83A1-72435F7115CF}
	EndGlobalSection
EndGlobal
